
Microsoft Visual Studio Solution File, Format Version 12.00
# Visual Studio Version 17
VisualStudioVersion = 17.3.32804.467
MinimumVisualStudioVersion = 10.0.40219.1
Project("{FAE04EC0-301F-11D3-BF4B-00C04F79EFBC}") = "NoteBag", "NoteBag\NoteBag.csproj", "{47B85B2A-FBD3-429E-954F-08E04CEBF1ED}"
EndProject
Global
	GlobalSection(SolutionConfigurationPlatforms) = preSolution
		Debug|Any CPU = Debug|Any CPU
		Release|Any CPU = Release|Any CPU
	EndGlobalSection
	GlobalSection(ProjectConfigurationPlatforms) = postSolution
		{47B85B2A-FBD3-429E-954F-08E04CEBF1ED}.Debug|Any CPU.ActiveCfg = Debug|Any CPU
		{47B85B2A-FBD3-429E-954F-08E04CEBF1ED}.Debug|Any CPU.Build.0 = Debug|Any CPU
		{47B85B2A-FBD3-429E-954F-08E04CEBF1ED}.Release|Any CPU.ActiveCfg = Release|Any CPU
		{47B85B2A-FBD3-429E-954F-08E04CEBF1ED}.Release|Any CPU.Build.0 = Release|Any CPU
	EndGlobalSection
	GlobalSection(SolutionProperties) = preSolution
		HideSolutionNode = FALSE
	EndGlobalSection
	GlobalSection(ExtensibilityGlobals) = postSolution
		SolutionGuid = {44199038-A636-412A-A1A2-EEC6B2CA8CF9}
	EndGlobalSection
EndGlobal
